
Microsoft Visual Studio Solution File, Format Version 12.00
# Visual Studio Version 17
VisualStudioVersion = 17.12.35514.174
MinimumVisualStudioVersion = 10.0.40219.1
Project("{FAE04EC0-301F-11D3-BF4B-00C04F79EFBC}") = "PeekStock.API", "PeekStock.API\PeekStock.API.csproj", "{EB8C273A-D3E9-49BC-ACB4-3C09187BF9E5}"
EndProject
Project("{FAE04EC0-301F-11D3-BF4B-00C04F79EFBC}") = "PeekStock.Responses", "PeekStock.Responses\PeekStock.Responses.csproj", "{A105FC0F-34C8-429C-900F-A0FB8B7D7E59}"
EndProject
Global
	GlobalSection(SolutionConfigurationPlatforms) = preSolution
		Debug|Any CPU = Debug|Any CPU
		Release|Any CPU = Release|Any CPU
	EndGlobalSection
	GlobalSection(ProjectConfigurationPlatforms) = postSolution
		{EB8C273A-D3E9-49BC-ACB4-3C09187BF9E5}.Debug|Any CPU.ActiveCfg = Debug|Any CPU
		{EB8C273A-D3E9-49BC-ACB4-3C09187BF9E5}.Debug|Any CPU.Build.0 = Debug|Any CPU
		{EB8C273A-D3E9-49BC-ACB4-3C09187BF9E5}.Release|Any CPU.ActiveCfg = Release|Any CPU
		{EB8C273A-D3E9-49BC-ACB4-3C09187BF9E5}.Release|Any CPU.Build.0 = Release|Any CPU
		{A105FC0F-34C8-429C-900F-A0FB8B7D7E59}.Debug|Any CPU.ActiveCfg = Debug|Any CPU
		{A105FC0F-34C8-429C-900F-A0FB8B7D7E59}.Debug|Any CPU.Build.0 = Debug|Any CPU
		{A105FC0F-34C8-429C-900F-A0FB8B7D7E59}.Release|Any CPU.ActiveCfg = Release|Any CPU
		{A105FC0F-34C8-429C-900F-A0FB8B7D7E59}.Release|Any CPU.Build.0 = Release|Any CPU
	EndGlobalSection
	GlobalSection(SolutionProperties) = preSolution
		HideSolutionNode = FALSE
	EndGlobalSection
EndGlobal
